// !$*UTF8*$!
{
	archiveVersion = 1;
	classes = {
	};
	objectVersion = 56;
	objects = {

/* Begin PBXBuildFile section */
		D4D15C8A2BF82DB700E921BB /* gym_appApp.swift in Sources */ = {isa = PBXBuildFile; fileRef = D4D15C892BF82DB700E921BB /* gym_appApp.swift */; };
		D4D15C8C2BF82DB700E921BB /* ContentView.swift in Sources */ = {isa = PBXBuildFile; fileRef = D4D15C8B2BF82DB700E921BB /* ContentView.swift */; };
		D4D15C8E2BF82DB700E921BB /* Item.swift in Sources */ = {isa = PBXBuildFile; fileRef = D4D15C8D2BF82DB700E921BB /* Item.swift */; };
		D4D15C902BF82DB900E921BB /* Assets.xcassets in Resources */ = {isa = PBXBuildFile; fileRef = D4D15C8F2BF82DB900E921BB /* Assets.xcassets */; };
		D4D15C932BF82DB900E921BB /* Preview Assets.xcassets in Resources */ = {isa = PBXBuildFile; fileRef = D4D15C922BF82DB900E921BB /* Preview Assets.xcassets */; };
		D4D15C9D2BF82DB900E921BB /* gym_appTests.swift in Sources */ = {isa = PBXBuildFile; fileRef = D4D15C9C2BF82DB900E921BB /* gym_appTests.swift */; };
		D4D15CA72BF82DB900E921BB /* gym_appUITests.swift in Sources */ = {isa = PBXBuildFile; fileRef = D4D15CA62BF82DB900E921BB /* gym_appUITests.swift */; };
		D4D15CA92BF82DB900E921BB /* gym_appUITestsLaunchTests.swift in Sources */ = {isa = PBXBuildFile; fileRef = D4D15CA82BF82DB900E921BB /* gym_appUITestsLaunchTests.swift */; };
/* End PBXBuildFile section */

/* Begin PBXContainerItemProxy section */
		D4D15C992BF82DB900E921BB /* PBXContainerItemProxy */ = {
			isa = PBXContainerItemProxy;
			containerPortal = D4D15C7E2BF82DB700E921BB /* Project object */;
			proxyType = 1;
			remoteGlobalIDString = D4D15C852BF82DB700E921BB;
			remoteInfo = "gym app";
		};
		D4D15CA32BF82DB900E921BB /* PBXContainerItemProxy */ = {
			isa = PBXContainerItemProxy;
			containerPortal = D4D15C7E2BF82DB700E921BB /* Project object */;
			proxyType = 1;
			remoteGlobalIDString = D4D15C852BF82DB700E921BB;
			remoteInfo = "gym app";
		};
/* End PBXContainerItemProxy section */

/* Begin PBXFileReference section */
		D4D15C862BF82DB700E921BB /* gym app.app */ = {isa = PBXFileReference; explicitFileType = wrapper.application; includeInIndex = 0; path = "gym app.app"; sourceTree = BUILT_PRODUCTS_DIR; };
		D4D15C892BF82DB700E921BB /* gym_appApp.swift */ = {isa = PBXFileReference; lastKnownFileType = sourcecode.swift; path = gym_appApp.swift; sourceTree = "<group>"; };
		D4D15C8B2BF82DB700E921BB /* ContentView.swift */ = {isa = PBXFileReference; lastKnownFileType = sourcecode.swift; path = ContentView.swift; sourceTree = "<group>"; };
		D4D15C8D2BF82DB700E921BB /* Item.swift */ = {isa = PBXFileReference; lastKnownFileType = sourcecode.swift; path = Item.swift; sourceTree = "<group>"; };
		D4D15C8F2BF82DB900E921BB /* Assets.xcassets */ = {isa = PBXFileReference; lastKnownFileType = folder.assetcatalog; path = Assets.xcassets; sourceTree = "<group>"; };
		D4D15C922BF82DB900E921BB /* Preview Assets.xcassets */ = {isa = PBXFileReference; lastKnownFileType = folder.assetcatalog; path = "Preview Assets.xcassets"; sourceTree = "<group>"; };
		D4D15C982BF82DB900E921BB /* gym appTests.xctest */ = {isa = PBXFileReference; explicitFileType = wrapper.cfbundle; includeInIndex = 0; path = "gym appTests.xctest"; sourceTree = BUILT_PRODUCTS_DIR; };
		D4D15C9C2BF82DB900E921BB /* gym_appTests.swift */ = {isa = PBXFileReference; lastKnownFileType = sourcecode.swift; path = gym_appTests.swift; sourceTree = "<group>"; };
		D4D15CA22BF82DB900E921BB /* gym appUITests.xctest */ = {isa = PBXFileReference; explicitFileType = wrapper.cfbundle; includeInIndex = 0; path = "gym appUITests.xctest"; sourceTree = BUILT_PRODUCTS_DIR; };
		D4D15CA62BF82DB900E921BB /* gym_appUITests.swift */ = {isa = PBXFileReference; lastKnownFileType = sourcecode.swift; path = gym_appUITests.swift; sourceTree = "<group>"; };
		D4D15CA82BF82DB900E921BB /* gym_appUITestsLaunchTests.swift */ = {isa = PBXFileReference; lastKnownFileType = sourcecode.swift; path = gym_appUITestsLaunchTests.swift; sourceTree = "<group>"; };
/* End PBXFileReference section */

/* Begin PBXFrameworksBuildPhase section */
		D4D15C832BF82DB700E921BB /* Frameworks */ = {
			isa = PBXFrameworksBuildPhase;
			buildActionMask = 2147483647;
			files = (
			);
			runOnlyForDeploymentPostprocessing = 0;
		};
		D4D15C952BF82DB900E921BB /* Frameworks */ = {
			isa = PBXFrameworksBuildPhase;
			buildActionMask = 2147483647;
			files = (
			);
			runOnlyForDeploymentPostprocessing = 0;
		};
		D4D15C9F2BF82DB900E921BB /* Frameworks */ = {
			isa = PBXFrameworksBuildPhase;
			buildActionMask = 2147483647;
			files = (
			);
			runOnlyForDeploymentPostprocessing = 0;
		};
/* End PBXFrameworksBuildPhase section */

/* Begin PBXGroup section */
		D4D15C7D2BF82DB700E921BB = {
			isa = PBXGroup;
			children = (
				D4D15C882BF82DB700E921BB /* gym app */,
				D4D15C9B2BF82DB900E921BB /* gym appTests */,
				D4D15CA52BF82DB900E921BB /* gym appUITests */,
				D4D15C872BF82DB700E921BB /* Products */,
			);
			sourceTree = "<group>";
		};
		D4D15C872BF82DB700E921BB /* Products */ = {
			isa = PBXGroup;
			children = (
				D4D15C862BF82DB700E921BB /* gym app.app */,
				D4D15C982BF82DB900E921BB /* gym appTests.xctest */,
				D4D15CA22BF82DB900E921BB /* gym appUITests.xctest */,
			);
			name = Products;
			sourceTree = "<group>";
		};
		D4D15C882BF82DB700E921BB /* gym app */ = {
			isa = PBXGroup;
			children = (
				D4D15C892BF82DB700E921BB /* gym_appApp.swift */,
				D4D15C8B2BF82DB700E921BB /* ContentView.swift */,
				D4D15C8D2BF82DB700E921BB /* Item.swift */,
				D4D15C8F2BF82DB900E921BB /* Assets.xcassets */,
				D4D15C912BF82DB900E921BB /* Preview Content */,
			);
			path = "gym app";
			sourceTree = "<group>";
		};
		D4D15C912BF82DB900E921BB /* Preview Content */ = {
			isa = PBXGroup;
			children = (
				D4D15C922BF82DB900E921BB /* Preview Assets.xcassets */,
			);
			path = "Preview Content";
			sourceTree = "<group>";
		};
		D4D15C9B2BF82DB900E921BB /* gym appTests */ = {
			isa = PBXGroup;
			children = (
				D4D15C9C2BF82DB900E921BB /* gym_appTests.swift */,
			);
			path = "gym appTests";
			sourceTree = "<group>";
		};
		D4D15CA52BF82DB900E921BB /* gym appUITests */ = {
			isa = PBXGroup;
			children = (
				D4D15CA62BF82DB900E921BB /* gym_appUITests.swift */,
				D4D15CA82BF82DB900E921BB /* gym_appUITestsLaunchTests.swift */,
			);
			path = "gym appUITests";
			sourceTree = "<group>";
		};
/* End PBXGroup section */

/* Begin PBXNativeTarget section */
		D4D15C852BF82DB700E921BB /* gym app */ = {
			isa = PBXNativeTarget;
			buildConfigurationList = D4D15CAC2BF82DB900E921BB /* Build configuration list for PBXNativeTarget "gym app" */;
			buildPhases = (
				D4D15C822BF82DB700E921BB /* Sources */,
				D4D15C832BF82DB700E921BB /* Frameworks */,
				D4D15C842BF82DB700E921BB /* Resources */,
			);
			buildRules = (
			);
			dependencies = (
			);
			name = "gym app";
			productName = "gym app";
			productReference = D4D15C862BF82DB700E921BB /* gym app.app */;
			productType = "com.apple.product-type.application";
		};
		D4D15C972BF82DB900E921BB /* gym appTests */ = {
			isa = PBXNativeTarget;
			buildConfigurationList = D4D15CAF2BF82DB900E921BB /* Build configuration list for PBXNativeTarget "gym appTests" */;
			buildPhases = (
				D4D15C942BF82DB900E921BB /* Sources */,
				D4D15C952BF82DB900E921BB /* Frameworks */,
				D4D15C962BF82DB900E921BB /* Resources */,
			);
			buildRules = (
			);
			dependencies = (
				D4D15C9A2BF82DB900E921BB /* PBXTargetDependency */,
			);
			name = "gym appTests";
			productName = "gym appTests";
			productReference = D4D15C982BF82DB900E921BB /* gym appTests.xctest */;
			productType = "com.apple.product-type.bundle.unit-test";
		};
		D4D15CA12BF82DB900E921BB /* gym appUITests */ = {
			isa = PBXNativeTarget;
			buildConfigurationList = D4D15CB22BF82DB900E921BB /* Build configuration list for PBXNativeTarget "gym appUITests" */;
			buildPhases = (
				D4D15C9E2BF82DB900E921BB /* Sources */,
				D4D15C9F2BF82DB900E921BB /* Frameworks */,
				D4D15CA02BF82DB900E921BB /* Resources */,
			);
			buildRules = (
			);
			dependencies = (
				D4D15CA42BF82DB900E921BB /* PBXTargetDependency */,
			);
			name = "gym appUITests";
			productName = "gym appUITests";
			productReference = D4D15CA22BF82DB900E921BB /* gym appUITests.xctest */;
			productType = "com.apple.product-type.bundle.ui-testing";
		};
/* End PBXNativeTarget section */

/* Begin PBXProject section */
		D4D15C7E2BF82DB700E921BB /* Project object */ = {
			isa = PBXProject;
			attributes = {
				BuildIndependentTargetsInParallel = 1;
				LastSwiftUpdateCheck = 1530;
				LastUpgradeCheck = 1530;
				TargetAttributes = {
					D4D15C852BF82DB700E921BB = {
						CreatedOnToolsVersion = 15.3;
					};
					D4D15C972BF82DB900E921BB = {
						CreatedOnToolsVersion = 15.3;
						TestTargetID = D4D15C852BF82DB700E921BB;
					};
					D4D15CA12BF82DB900E921BB = {
						CreatedOnToolsVersion = 15.3;
						TestTargetID = D4D15C852BF82DB700E921BB;
					};
				};
			};
			buildConfigurationList = D4D15C812BF82DB700E921BB /* Build configuration list for PBXProject "gym app" */;
			compatibilityVersion = "Xcode 14.0";
			developmentRegion = en;
			hasScannedForEncodings = 0;
			knownRegions = (
				en,
				Base,
			);
			mainGroup = D4D15C7D2BF82DB700E921BB;
			productRefGroup = D4D15C872BF82DB700E921BB /* Products */;
			projectDirPath = "";
			projectRoot = "";
			targets = (
				D4D15C852BF82DB700E921BB /* gym app */,
				D4D15C972BF82DB900E921BB /* gym appTests */,
				D4D15CA12BF82DB900E921BB /* gym appUITests */,
			);
		};
/* End PBXProject section */

/* Begin PBXResourcesBuildPhase section */
		D4D15C842BF82DB700E921BB /* Resources */ = {
			isa = PBXResourcesBuildPhase;
			buildActionMask = 2147483647;
			files = (
				D4D15C932BF82DB900E921BB /* Preview Assets.xcassets in Resources */,
				D4D15C902BF82DB900E921BB /* Assets.xcassets in Resources */,
			);
			runOnlyForDeploymentPostprocessing = 0;
		};
		D4D15C962BF82DB900E921BB /* Resources */ = {
			isa = PBXResourcesBuildPhase;
			buildActionMask = 2147483647;
			files = (
			);
			runOnlyForDeploymentPostprocessing = 0;
		};
		D4D15CA02BF82DB900E921BB /* Resources */ = {
			isa = PBXResourcesBuildPhase;
			buildActionMask = 2147483647;
			files = (
			);
			runOnlyForDeploymentPostprocessing = 0;
		};
/* End PBXResourcesBuildPhase section */

/* Begin PBXSourcesBuildPhase section */
		D4D15C822BF82DB700E921BB /* Sources */ = {
			isa = PBXSourcesBuildPhase;
			buildActionMask = 2147483647;
			files = (
				D4D15C8C2BF82DB700E921BB /* ContentView.swift in Sources */,
				D4D15C8E2BF82DB700E921BB /* Item.swift in Sources */,
				D4D15C8A2BF82DB700E921BB /* gym_appApp.swift in Sources */,
			);
			runOnlyForDeploymentPostprocessing = 0;
		};
		D4D15C942BF82DB900E921BB /* Sources */ = {
			isa = PBXSourcesBuildPhase;
			buildActionMask = 2147483647;
			files = (
				D4D15C9D2BF82DB900E921BB /* gym_appTests.swift in Sources */,
			);
			runOnlyForDeploymentPostprocessing = 0;
		};
		D4D15C9E2BF82DB900E921BB /* Sources */ = {
			isa = PBXSourcesBuildPhase;
			buildActionMask = 2147483647;
			files = (
				D4D15CA92BF82DB900E921BB /* gym_appUITestsLaunchTests.swift in Sources */,
				D4D15CA72BF82DB900E921BB /* gym_appUITests.swift in Sources */,
			);
			runOnlyForDeploymentPostprocessing = 0;
		};
/* End PBXSourcesBuildPhase section */

/* Begin PBXTargetDependency section */
		D4D15C9A2BF82DB900E921BB /* PBXTargetDependency */ = {
			isa = PBXTargetDependency;
			target = D4D15C852BF82DB700E921BB /* gym app */;
			targetProxy = D4D15C992BF82DB900E921BB /* PBXContainerItemProxy */;
		};
		D4D15CA42BF82DB900E921BB /* PBXTargetDependency */ = {
			isa = PBXTargetDependency;
			target = D4D15C852BF82DB700E921BB /* gym app */;
			targetProxy = D4D15CA32BF82DB900E921BB /* PBXContainerItemProxy */;
		};
/* End PBXTargetDependency section */

/* Begin XCBuildConfiguration section */
		D4D15CAA2BF82DB900E921BB /* Debug */ = {
			isa = XCBuildConfiguration;
			buildSettings = {
				ALWAYS_SEARCH_USER_PATHS = NO;
				ASSETCATALOG_COMPILER_GENERATE_SWIFT_ASSET_SYMBOL_EXTENSIONS = YES;
				CLANG_ANALYZER_NONNULL = YES;
				CLANG_ANALYZER_NUMBER_OBJECT_CONVERSION = YES_AGGRESSIVE;
				CLANG_CXX_LANGUAGE_STANDARD = "gnu++20";
				CLANG_ENABLE_MODULES = YES;
				CLANG_ENABLE_OBJC_ARC = YES;
				CLANG_ENABLE_OBJC_WEAK = YES;
				CLANG_WARN_BLOCK_CAPTURE_AUTORELEASING = YES;
				CLANG_WARN_BOOL_CONVERSION = YES;
				CLANG_WARN_COMMA = YES;
				CLANG_WARN_CONSTANT_CONVERSION = YES;
				CLANG_WARN_DEPRECATED_OBJC_IMPLEMENTATIONS = YES;
				CLANG_WARN_DIRECT_OBJC_ISA_USAGE = YES_ERROR;
				CLANG_WARN_DOCUMENTATION_COMMENTS = YES;
				CLANG_WARN_EMPTY_BODY = YES;
				CLANG_WARN_ENUM_CONVERSION = YES;
				CLANG_WARN_INFINITE_RECURSION = YES;
				CLANG_WARN_INT_CONVERSION = YES;
				CLANG_WARN_NON_LITERAL_NULL_CONVERSION = YES;
				CLANG_WARN_OBJC_IMPLICIT_RETAIN_SELF = YES;
				CLANG_WARN_OBJC_LITERAL_CONVERSION = YES;
				CLANG_WARN_OBJC_ROOT_CLASS = YES_ERROR;
				CLANG_WARN_QUOTED_INCLUDE_IN_FRAMEWORK_HEADER = YES;
				CLANG_WARN_RANGE_LOOP_ANALYSIS = YES;
				CLANG_WARN_STRICT_PROTOTYPES = YES;
				CLANG_WARN_SUSPICIOUS_MOVE = YES;
				CLANG_WARN_UNGUARDED_AVAILABILITY = YES_AGGRESSIVE;
				CLANG_WARN_UNREACHABLE_CODE = YES;
				CLANG_WARN__DUPLICATE_METHOD_MATCH = YES;
				COPY_PHASE_STRIP = NO;
				DEBUG_INFORMATION_FORMAT = dwarf;
				ENABLE_STRICT_OBJC_MSGSEND = YES;
				ENABLE_TESTABILITY = YES;
				ENABLE_USER_SCRIPT_SANDBOXING = YES;
				GCC_C_LANGUAGE_STANDARD = gnu17;
				GCC_DYNAMIC_NO_PIC = NO;
				GCC_NO_COMMON_BLOCKS = YES;
				GCC_OPTIMIZATION_LEVEL = 0;
				GCC_PREPROCESSOR_DEFINITIONS = (
					"DEBUG=1",
					"$(inherited)",
				);
				GCC_WARN_64_TO_32_BIT_CONVERSION = YES;
				GCC_WARN_ABOUT_RETURN_TYPE = YES_ERROR;
				GCC_WARN_UNDECLARED_SELECTOR = YES;
				GCC_WARN_UNINITIALIZED_AUTOS = YES_AGGRESSIVE;
				GCC_WARN_UNUSED_FUNCTION = YES;
				GCC_WARN_UNUSED_VARIABLE = YES;
				IPHONEOS_DEPLOYMENT_TARGET = 17.4;
				LOCALIZATION_PREFERS_STRING_CATALOGS = YES;
				MTL_ENABLE_DEBUG_INFO = INCLUDE_SOURCE;
				MTL_FAST_MATH = YES;
				ONLY_ACTIVE_ARCH = YES;
				SDKROOT = iphoneos;
				SWIFT_ACTIVE_COMPILATION_CONDITIONS = "DEBUG $(inherited)";
				SWIFT_OPTIMIZATION_LEVEL = "-Onone";
			};
			name = Debug;
		};
		D4D15CAB2BF82DB900E921BB /* Release */ = {
			isa = XCBuildConfiguration;
			buildSettings = {
				ALWAYS_SEARCH_USER_PATHS = NO;
				ASSETCATALOG_COMPILER_GENERATE_SWIFT_ASSET_SYMBOL_EXTENSIONS = YES;
				CLANG_ANALYZER_NONNULL = YES;
				CLANG_ANALYZER_NUMBER_OBJECT_CONVERSION = YES_AGGRESSIVE;
				CLANG_CXX_LANGUAGE_STANDARD = "gnu++20";
				CLANG_ENABLE_MODULES = YES;
				CLANG_ENABLE_OBJC_ARC = YES;
				CLANG_ENABLE_OBJC_WEAK = YES;
				CLANG_WARN_BLOCK_CAPTURE_AUTORELEASING = YES;
				CLANG_WARN_BOOL_CONVERSION = YES;
				CLANG_WARN_COMMA = YES;
				CLANG_WARN_CONSTANT_CONVERSION = YES;
				CLANG_WARN_DEPRECATED_OBJC_IMPLEMENTATIONS = YES;
				CLANG_WARN_DIRECT_OBJC_ISA_USAGE = YES_ERROR;
				CLANG_WARN_DOCUMENTATION_COMMENTS = YES;
				CLANG_WARN_EMPTY_BODY = YES;
				CLANG_WARN_ENUM_CONVERSION = YES;
				CLANG_WARN_INFINITE_RECURSION = YES;
				CLANG_WARN_INT_CONVERSION = YES;
				CLANG_WARN_NON_LITERAL_NULL_CONVERSION = YES;
				CLANG_WARN_OBJC_IMPLICIT_RETAIN_SELF = YES;
				CLANG_WARN_OBJC_LITERAL_CONVERSION = YES;
				CLANG_WARN_OBJC_ROOT_CLASS = YES_ERROR;
				CLANG_WARN_QUOTED_INCLUDE_IN_FRAMEWORK_HEADER = YES;
				CLANG_WARN_RANGE_LOOP_ANALYSIS = YES;
				CLANG_WARN_STRICT_PROTOTYPES = YES;
				CLANG_WARN_SUSPICIOUS_MOVE = YES;
				CLANG_WARN_UNGUARDED_AVAILABILITY = YES_AGGRESSIVE;
				CLANG_WARN_UNREACHABLE_CODE = YES;
				CLANG_WARN__DUPLICATE_METHOD_MATCH = YES;
				COPY_PHASE_STRIP = NO;
				DEBUG_INFORMATION_FORMAT = "dwarf-with-dsym";
				ENABLE_NS_ASSERTIONS = NO;
				ENABLE_STRICT_OBJC_MSGSEND = YES;
				ENABLE_USER_SCRIPT_SANDBOXING = YES;
				GCC_C_LANGUAGE_STANDARD = gnu17;
				GCC_NO_COMMON_BLOCKS = YES;
				GCC_WARN_64_TO_32_BIT_CONVERSION = YES;
				GCC_WARN_ABOUT_RETURN_TYPE = YES_ERROR;
				GCC_WARN_UNDECLARED_SELECTOR = YES;
				GCC_WARN_UNINITIALIZED_AUTOS = YES_AGGRESSIVE;
				GCC_WARN_UNUSED_FUNCTION = YES;
				GCC_WARN_UNUSED_VARIABLE = YES;
				IPHONEOS_DEPLOYMENT_TARGET = 17.4;
				LOCALIZATION_PREFERS_STRING_CATALOGS = YES;
				MTL_ENABLE_DEBUG_INFO = NO;
				MTL_FAST_MATH = YES;
				SDKROOT = iphoneos;
				SWIFT_COMPILATION_MODE = wholemodule;
				VALIDATE_PRODUCT = YES;
			};
			name = Release;
		};
		D4D15CAD2BF82DB900E921BB /* Debug */ = {
			isa = XCBuildConfiguration;
			buildSettings = {
				ASSETCATALOG_COMPILER_APPICON_NAME = AppIcon;
				ASSETCATALOG_COMPILER_GLOBAL_ACCENT_COLOR_NAME = AccentColor;
				CODE_SIGN_STYLE = Automatic;
				CURRENT_PROJECT_VERSION = 1;
				DEVELOPMENT_ASSET_PATHS = "\"gym app/Preview Content\"";
				DEVELOPMENT_TEAM = V38NF9DBF6;
				ENABLE_PREVIEWS = YES;
				GENERATE_INFOPLIST_FILE = YES;
				INFOPLIST_KEY_UIApplicationSceneManifest_Generation = YES;
				INFOPLIST_KEY_UIApplicationSupportsIndirectInputEvents = YES;
				INFOPLIST_KEY_UILaunchScreen_Generation = YES;
				INFOPLIST_KEY_UISupportedInterfaceOrientations_iPad = "UIInterfaceOrientationPortrait UIInterfaceOrientationPortraitUpsideDown UIInterfaceOrientationLandscapeLeft UIInterfaceOrientationLandscapeRight";
				INFOPLIST_KEY_UISupportedInterfaceOrientations_iPhone = "UIInterfaceOrientationPortrait UIInterfaceOrientationLandscapeLeft UIInterfaceOrientationLandscapeRight";
				LD_RUNPATH_SEARCH_PATHS = (
					"$(inherited)",
					"@executable_path/Frameworks",
				);
				MARKETING_VERSION = 1.0;
				PRODUCT_BUNDLE_IDENTIFIER = "vikrant.gym-app";
				PRODUCT_NAME = "$(TARGET_NAME)";
				SWIFT_EMIT_LOC_STRINGS = YES;
				SWIFT_VERSION = 5.0;
				TARGETED_DEVICE_FAMILY = "1,2";
			};
			name = Debug;
		};
		D4D15CAE2BF82DB900E921BB /* Release */ = {
			isa = XCBuildConfiguration;
			buildSettings = {
				ASSETCATALOG_COMPILER_APPICON_NAME = AppIcon;
				ASSETCATALOG_COMPILER_GLOBAL_ACCENT_COLOR_NAME = AccentColor;
				CODE_SIGN_STYLE = Automatic;
				CURRENT_PROJECT_VERSION = 1;
				DEVELOPMENT_ASSET_PATHS = "\"gym app/Preview Content\"";
				DEVELOPMENT_TEAM = V38NF9DBF6;
				ENABLE_PREVIEWS = YES;
				GENERATE_INFOPLIST_FILE = YES;
				INFOPLIST_KEY_UIApplicationSceneManifest_Generation = YES;
				INFOPLIST_KEY_UIApplicationSupportsIndirectInputEvents = YES;
				INFOPLIST_KEY_UILaunchScreen_Generation = YES;
				INFOPLIST_KEY_UISupportedInterfaceOrientations_iPad = "UIInterfaceOrientationPortrait UIInterfaceOrientationPortraitUpsideDown UIInterfaceOrientationLandscapeLeft UIInterfaceOrientationLandscapeRight";
				INFOPLIST_KEY_UISupportedInterfaceOrientations_iPhone = "UIInterfaceOrientationPortrait UIInterfaceOrientationLandscapeLeft UIInterfaceOrientationLandscapeRight";
				LD_RUNPATH_SEARCH_PATHS = (
					"$(inherited)",
					"@executable_path/Frameworks",
				);
				MARKETING_VERSION = 1.0;
				PRODUCT_BUNDLE_IDENTIFIER = "vikrant.gym-app";
				PRODUCT_NAME = "$(TARGET_NAME)";
				SWIFT_EMIT_LOC_STRINGS = YES;
				SWIFT_VERSION = 5.0;
				TARGETED_DEVICE_FAMILY = "1,2";
			};
			name = Release;
		};
		D4D15CB02BF82DB900E921BB /* Debug */ = {
			isa = XCBuildConfiguration;
			buildSettings = {
				ALWAYS_EMBED_SWIFT_STANDARD_LIBRARIES = YES;
				BUNDLE_LOADER = "$(TEST_HOST)";
				CODE_SIGN_STYLE = Automatic;
				CURRENT_PROJECT_VERSION = 1;
				DEVELOPMENT_TEAM = V38NF9DBF6;
				GENERATE_INFOPLIST_FILE = YES;
				IPHONEOS_DEPLOYMENT_TARGET = 17.4;
				MARKETING_VERSION = 1.0;
				PRODUCT_BUNDLE_IDENTIFIER = "vikrant.gym-appTests";
				PRODUCT_NAME = "$(TARGET_NAME)";
				SWIFT_EMIT_LOC_STRINGS = NO;
				SWIFT_VERSION = 5.0;
				TARGETED_DEVICE_FAMILY = "1,2";
				TEST_HOST = "$(BUILT_PRODUCTS_DIR)/gym app.app/$(BUNDLE_EXECUTABLE_FOLDER_PATH)/gym app";
			};
			name = Debug;
		};
		D4D15CB12BF82DB900E921BB /* Release */ = {
			isa = XCBuildConfiguration;
			buildSettings = {
				ALWAYS_EMBED_SWIFT_STANDARD_LIBRARIES = YES;
				BUNDLE_LOADER = "$(TEST_HOST)";
				CODE_SIGN_STYLE = Automatic;
				CURRENT_PROJECT_VERSION = 1;
				DEVELOPMENT_TEAM = V38NF9DBF6;
				GENERATE_INFOPLIST_FILE = YES;
				IPHONEOS_DEPLOYMENT_TARGET = 17.4;
				MARKETING_VERSION = 1.0;
				PRODUCT_BUNDLE_IDENTIFIER = "vikrant.gym-appTests";
				PRODUCT_NAME = "$(TARGET_NAME)";
				SWIFT_EMIT_LOC_STRINGS = NO;
				SWIFT_VERSION = 5.0;
				TARGETED_DEVICE_FAMILY = "1,2";
				TEST_HOST = "$(BUILT_PRODUCTS_DIR)/gym app.app/$(BUNDLE_EXECUTABLE_FOLDER_PATH)/gym app";
			};
			name = Release;
		};
		D4D15CB32BF82DB900E921BB /* Debug */ = {
			isa = XCBuildConfiguration;
			buildSettings = {
				ALWAYS_EMBED_SWIFT_STANDARD_LIBRARIES = YES;
				CODE_SIGN_STYLE = Automatic;
				CURRENT_PROJECT_VERSION = 1;
				DEVELOPMENT_TEAM = V38NF9DBF6;
				GENERATE_INFOPLIST_FILE = YES;
				MARKETING_VERSION = 1.0;
				PRODUCT_BUNDLE_IDENTIFIER = "vikrant.gym-appUITests";
				PRODUCT_NAME = "$(TARGET_NAME)";
				SWIFT_EMIT_LOC_STRINGS = NO;
				SWIFT_VERSION = 5.0;
				TARGETED_DEVICE_FAMILY = "1,2";
				TEST_TARGET_NAME = "gym app";
			};
			name = Debug;
		};
		D4D15CB42BF82DB900E921BB /* Release */ = {
			isa = XCBuildConfiguration;
			buildSettings = {
				ALWAYS_EMBED_SWIFT_STANDARD_LIBRARIES = YES;
				CODE_SIGN_STYLE = Automatic;
				CURRENT_PROJECT_VERSION = 1;
				DEVELOPMENT_TEAM = V38NF9DBF6;
				GENERATE_INFOPLIST_FILE = YES;
				MARKETING_VERSION = 1.0;
				PRODUCT_BUNDLE_IDENTIFIER = "vikrant.gym-appUITests";
				PRODUCT_NAME = "$(TARGET_NAME)";
				SWIFT_EMIT_LOC_STRINGS = NO;
				SWIFT_VERSION = 5.0;
				TARGETED_DEVICE_FAMILY = "1,2";
				TEST_TARGET_NAME = "gym app";
			};
			name = Release;
		};
/* End XCBuildConfiguration section */

/* Begin XCConfigurationList section */
		D4D15C812BF82DB700E921BB /* Build configuration list for PBXProject "gym app" */ = {
			isa = XCConfigurationList;
			buildConfigurations = (
				D4D15CAA2BF82DB900E921BB /* Debug */,
				D4D15CAB2BF82DB900E921BB /* Release */,
			);
			defaultConfigurationIsVisible = 0;
			defaultConfigurationName = Release;
		};
		D4D15CAC2BF82DB900E921BB /* Build configuration list for PBXNativeTarget "gym app" */ = {
			isa = XCConfigurationList;
			buildConfigurations = (
				D4D15CAD2BF82DB900E921BB /* Debug */,
				D4D15CAE2BF82DB900E921BB /* Release */,
			);
			defaultConfigurationIsVisible = 0;
			defaultConfigurationName = Release;
		};
		D4D15CAF2BF82DB900E921BB /* Build configuration list for PBXNativeTarget "gym appTests" */ = {
			isa = XCConfigurationList;
			buildConfigurations = (
				D4D15CB02BF82DB900E921BB /* Debug */,
				D4D15CB12BF82DB900E921BB /* Release */,
			);
			defaultConfigurationIsVisible = 0;
			defaultConfigurationName = Release;
		};
		D4D15CB22BF82DB900E921BB /* Build configuration list for PBXNativeTarget "gym appUITests" */ = {
			isa = XCConfigurationList;
			buildConfigurations = (
				D4D15CB32BF82DB900E921BB /* Debug */,
				D4D15CB42BF82DB900E921BB /* Release */,
			);
			defaultConfigurationIsVisible = 0;
			defaultConfigurationName = Release;
		};
/* End XCConfigurationList section */
	};
	rootObject = D4D15C7E2BF82DB700E921BB /* Project object */;
}
